
Microsoft Visual Studio Solution File, Format Version 12.00
Project("{FAE04EC0-301F-11D3-BF4B-00C04F79EFBC}") = "DummyDeploymentApp", "DummyDeploymentApp\DummyDeploymentApp.csproj", "{AD65D4FC-F1FD-4732-AFE5-129B52B9D48F}"
EndProject
Global
	GlobalSection(SolutionConfigurationPlatforms) = preSolution
		Debug|Any CPU = Debug|Any CPU
		Release|Any CPU = Release|Any CPU
	EndGlobalSection
	GlobalSection(ProjectConfigurationPlatforms) = postSolution
		{AD65D4FC-F1FD-4732-AFE5-129B52B9D48F}.Debug|Any CPU.ActiveCfg = Debug|Any CPU
		{AD65D4FC-F1FD-4732-AFE5-129B52B9D48F}.Debug|Any CPU.Build.0 = Debug|Any CPU
		{AD65D4FC-F1FD-4732-AFE5-129B52B9D48F}.Release|Any CPU.ActiveCfg = Release|Any CPU
		{AD65D4FC-F1FD-4732-AFE5-129B52B9D48F}.Release|Any CPU.Build.0 = Release|Any CPU
	EndGlobalSection
EndGlobal
